
Microsoft Visual Studio Solution File, Format Version 12.00
# Visual Studio Version 17
VisualStudioVersion = 17.13.35931.197
MinimumVisualStudioVersion = 10.0.40219.1
Project("{8BC9CEB8-8B4A-11D0-8D11-00A0C91BC942}") = "backup-robocopy", "backup-robocopy\backup-robocopy.vcxproj", "{605F1A93-6698-4F66-A088-371174C7EFC0}"
EndProject
Project("{8BC9CEB8-8B4A-11D0-8D11-00A0C91BC942}") = "otherBRproj", "otherBRproj\otherBRproj.vcxproj", "{3ED151A1-382C-4D5B-B153-383D725E6611}"
EndProject
Global
	GlobalSection(SolutionConfigurationPlatforms) = preSolution
		Debug|x64 = Debug|x64
		Debug|x86 = Debug|x86
		Release|x64 = Release|x64
		Release|x86 = Release|x86
	EndGlobalSection
	GlobalSection(ProjectConfigurationPlatforms) = postSolution
		{605F1A93-6698-4F66-A088-371174C7EFC0}.Debug|x64.ActiveCfg = Debug|x64
		{605F1A93-6698-4F66-A088-371174C7EFC0}.Debug|x64.Build.0 = Debug|x64
		{605F1A93-6698-4F66-A088-371174C7EFC0}.Debug|x86.ActiveCfg = Debug|Win32
		{605F1A93-6698-4F66-A088-371174C7EFC0}.Debug|x86.Build.0 = Debug|Win32
		{605F1A93-6698-4F66-A088-371174C7EFC0}.Release|x64.ActiveCfg = Release|x64
		{605F1A93-6698-4F66-A088-371174C7EFC0}.Release|x64.Build.0 = Release|x64
		{605F1A93-6698-4F66-A088-371174C7EFC0}.Release|x86.ActiveCfg = Release|Win32
		{605F1A93-6698-4F66-A088-371174C7EFC0}.Release|x86.Build.0 = Release|Win32
		{3ED151A1-382C-4D5B-B153-383D725E6611}.Debug|x64.ActiveCfg = Debug|x64
		{3ED151A1-382C-4D5B-B153-383D725E6611}.Debug|x64.Build.0 = Debug|x64
		{3ED151A1-382C-4D5B-B153-383D725E6611}.Debug|x86.ActiveCfg = Debug|Win32
		{3ED151A1-382C-4D5B-B153-383D725E6611}.Debug|x86.Build.0 = Debug|Win32
		{3ED151A1-382C-4D5B-B153-383D725E6611}.Release|x64.ActiveCfg = Release|x64
		{3ED151A1-382C-4D5B-B153-383D725E6611}.Release|x64.Build.0 = Release|x64
		{3ED151A1-382C-4D5B-B153-383D725E6611}.Release|x86.ActiveCfg = Release|Win32
		{3ED151A1-382C-4D5B-B153-383D725E6611}.Release|x86.Build.0 = Release|Win32
	EndGlobalSection
	GlobalSection(SolutionProperties) = preSolution
		HideSolutionNode = FALSE
	EndGlobalSection
	GlobalSection(ExtensibilityGlobals) = postSolution
		SolutionGuid = {BEF3562F-66E3-41C4-8157-99A50B795BB4}
	EndGlobalSection
EndGlobal
